
Microsoft Visual Studio Solution File, Format Version 12.00
# Visual Studio 14
VisualStudioVersion = 14.0.25123.0
MinimumVisualStudioVersion = 10.0.40219.1
Project("{FAE04EC0-301F-11D3-BF4B-00C04F79EFBC}") = "TITcs.SharePoint.SSOM", "TITcs.SharePoint.SSOM\TITcs.SharePoint.SSOM.csproj", "{ABD9A716-03CE-41A6-8879-C3CC13396A96}"
EndProject
Project("{FAE04EC0-301F-11D3-BF4B-00C04F79EFBC}") = "TITcs.SharePoint.SSOM.Test", "TITcs.SharePoint.SSOM.Test\TITcs.SharePoint.SSOM.Test.csproj", "{530ADEF9-5D8E-4310-87EB-6EEB24B95AF5}"
EndProject
Project("{2150E333-8FDC-42A3-9474-1A3956D46DE8}") = ".refs", ".refs", "{4B27C425-510A-4CB8-A4EA-E7EEA1D89227}"
	ProjectSection(SolutionItems) = preProject
		configuration.txt = configuration.txt
		samples.txt = samples.txt
		tutorials.txt = tutorials.txt
	EndProjectSection
EndProject
Global
	GlobalSection(SolutionConfigurationPlatforms) = preSolution
		Debug|Any CPU = Debug|Any CPU
		Debug|x64 = Debug|x64
		Release|Any CPU = Release|Any CPU
		Release|x64 = Release|x64
	EndGlobalSection
	GlobalSection(ProjectConfigurationPlatforms) = postSolution
		{ABD9A716-03CE-41A6-8879-C3CC13396A96}.Debug|Any CPU.ActiveCfg = Debug|Any CPU
		{ABD9A716-03CE-41A6-8879-C3CC13396A96}.Debug|Any CPU.Build.0 = Debug|Any CPU
		{ABD9A716-03CE-41A6-8879-C3CC13396A96}.Debug|x64.ActiveCfg = Debug|x64
		{ABD9A716-03CE-41A6-8879-C3CC13396A96}.Debug|x64.Build.0 = Debug|x64
		{ABD9A716-03CE-41A6-8879-C3CC13396A96}.Release|Any CPU.ActiveCfg = Release|Any CPU
		{ABD9A716-03CE-41A6-8879-C3CC13396A96}.Release|Any CPU.Build.0 = Release|Any CPU
		{ABD9A716-03CE-41A6-8879-C3CC13396A96}.Release|x64.ActiveCfg = Release|x64
		{ABD9A716-03CE-41A6-8879-C3CC13396A96}.Release|x64.Build.0 = Release|x64
		{530ADEF9-5D8E-4310-87EB-6EEB24B95AF5}.Debug|Any CPU.ActiveCfg = Debug|Any CPU
		{530ADEF9-5D8E-4310-87EB-6EEB24B95AF5}.Debug|Any CPU.Build.0 = Debug|Any CPU
		{530ADEF9-5D8E-4310-87EB-6EEB24B95AF5}.Debug|x64.ActiveCfg = Debug|x64
		{530ADEF9-5D8E-4310-87EB-6EEB24B95AF5}.Debug|x64.Build.0 = Debug|x64
		{530ADEF9-5D8E-4310-87EB-6EEB24B95AF5}.Release|Any CPU.ActiveCfg = Release|Any CPU
		{530ADEF9-5D8E-4310-87EB-6EEB24B95AF5}.Release|Any CPU.Build.0 = Release|Any CPU
		{530ADEF9-5D8E-4310-87EB-6EEB24B95AF5}.Release|x64.ActiveCfg = Release|x64
		{530ADEF9-5D8E-4310-87EB-6EEB24B95AF5}.Release|x64.Build.0 = Release|x64
	EndGlobalSection
	GlobalSection(SolutionProperties) = preSolution
		HideSolutionNode = FALSE
	EndGlobalSection
EndGlobal
